// !$*UTF8*$!
{
	archiveVersion = 1;
	classes = {
	};
	objectVersion = 56;
	objects = {

/* Begin PBXBuildFile section */
		22073391299812C60018AF8E /* HouseholdListView.swift in Sources */ = {isa = PBXBuildFile; fileRef = 22073390299812C60018AF8E /* HouseholdListView.swift */; };
		22073395299816860018AF8E /* AddHouseholdView.swift in Sources */ = {isa = PBXBuildFile; fileRef = 22073394299816860018AF8E /* AddHouseholdView.swift */; };
		220733972998183B0018AF8E /* HouseholdDetailView.swift in Sources */ = {isa = PBXBuildFile; fileRef = 220733962998183B0018AF8E /* HouseholdDetailView.swift */; };
		220733992998764D0018AF8E /* AppDelegate.swift in Sources */ = {isa = PBXBuildFile; fileRef = 220733982998764D0018AF8E /* AppDelegate.swift */; };
		2207339B299904950018AF8E /* CalendarView.swift in Sources */ = {isa = PBXBuildFile; fileRef = 2207339A299904950018AF8E /* CalendarView.swift */; };
		2207339E299905210018AF8E /* EliminationCalendarView.swift in Sources */ = {isa = PBXBuildFile; fileRef = 2207339D299905210018AF8E /* EliminationCalendarView.swift */; };
		220733A029990A2A0018AF8E /* DaySpecificEliminationsView.swift in Sources */ = {isa = PBXBuildFile; fileRef = 2207339F29990A2A0018AF8E /* DaySpecificEliminationsView.swift */; };
		220733A2299915F80018AF8E /* EditPetView.swift in Sources */ = {isa = PBXBuildFile; fileRef = 220733A1299915F80018AF8E /* EditPetView.swift */; };
		222F93E129AAED460015307B /* ReportAccidentView.swift in Sources */ = {isa = PBXBuildFile; fileRef = 222F93E029AAED460015307B /* ReportAccidentView.swift */; };
		223D97C129F609F3000432C4 /* PetChartView.swift in Sources */ = {isa = PBXBuildFile; fileRef = 223D97C029F609F3000432C4 /* PetChartView.swift */; };
		2268A2B029B3F4BC00F220FA /* PetTabView.swift in Sources */ = {isa = PBXBuildFile; fileRef = 2268A2AF29B3F4BC00F220FA /* PetTabView.swift */; };
		226B204A2997AC3E008852B4 /* DailyScoopApp.swift in Sources */ = {isa = PBXBuildFile; fileRef = 226B20492997AC3E008852B4 /* DailyScoopApp.swift */; };
		226B204E2997AC3F008852B4 /* Assets.xcassets in Resources */ = {isa = PBXBuildFile; fileRef = 226B204D2997AC3F008852B4 /* Assets.xcassets */; };
		226B20512997AC3F008852B4 /* Preview Assets.xcassets in Resources */ = {isa = PBXBuildFile; fileRef = 226B20502997AC3F008852B4 /* Preview Assets.xcassets */; };
		226B20532997AC3F008852B4 /* Persistence.swift in Sources */ = {isa = PBXBuildFile; fileRef = 226B20522997AC3F008852B4 /* Persistence.swift */; };
		226B20562997AC3F008852B4 /* DailyScoop.xcdatamodeld in Sources */ = {isa = PBXBuildFile; fileRef = 226B20542997AC3F008852B4 /* DailyScoop.xcdatamodeld */; };
		226B20612997AC3F008852B4 /* DailyScoopTests.swift in Sources */ = {isa = PBXBuildFile; fileRef = 226B20602997AC3F008852B4 /* DailyScoopTests.swift */; };
		226B206B2997AC3F008852B4 /* DailyScoopUITests.swift in Sources */ = {isa = PBXBuildFile; fileRef = 226B206A2997AC3F008852B4 /* DailyScoopUITests.swift */; };
		226B206D2997AC3F008852B4 /* DailyScoopUITestsLaunchTests.swift in Sources */ = {isa = PBXBuildFile; fileRef = 226B206C2997AC3F008852B4 /* DailyScoopUITestsLaunchTests.swift */; };
		226B207B2997B14A008852B4 /* AddPetView.swift in Sources */ = {isa = PBXBuildFile; fileRef = 226B207A2997B14A008852B4 /* AddPetView.swift */; };
		226B207E2997B1D7008852B4 /* Constants.swift in Sources */ = {isa = PBXBuildFile; fileRef = 226B207D2997B1D7008852B4 /* Constants.swift */; };
		226B20812997B8A3008852B4 /* CoreDataStack.swift in Sources */ = {isa = PBXBuildFile; fileRef = 226B20802997B8A3008852B4 /* CoreDataStack.swift */; };
		226B20832997B936008852B4 /* CloudSharingController.swift in Sources */ = {isa = PBXBuildFile; fileRef = 226B20822997B936008852B4 /* CloudSharingController.swift */; };
		226B20882997C572008852B4 /* ImagePicker.swift in Sources */ = {isa = PBXBuildFile; fileRef = 226B20872997C572008852B4 /* ImagePicker.swift */; };
		226B208A2997C89E008852B4 /* PetDetailView.swift in Sources */ = {isa = PBXBuildFile; fileRef = 226B20892997C89E008852B4 /* PetDetailView.swift */; };
		226B208C2997D117008852B4 /* AddEliminationView.swift in Sources */ = {isa = PBXBuildFile; fileRef = 226B208B2997D117008852B4 /* AddEliminationView.swift */; };
		22C00BA629D133B800D39FD1 /* Localizable.stringsdict in Resources */ = {isa = PBXBuildFile; fileRef = 22C00BA529D133B800D39FD1 /* Localizable.stringsdict */; };
		22CC81AD29B18FFA0074E7F3 /* EditEliminationView.swift in Sources */ = {isa = PBXBuildFile; fileRef = 22CC81AC29B18FFA0074E7F3 /* EditEliminationView.swift */; };
		22FAFF05299949D700E836A6 /* EliminationCellView.swift in Sources */ = {isa = PBXBuildFile; fileRef = 22FAFF04299949D700E836A6 /* EliminationCellView.swift */; };
/* End PBXBuildFile section */

/* Begin PBXContainerItemProxy section */
		226B205D2997AC3F008852B4 /* PBXContainerItemProxy */ = {
			isa = PBXContainerItemProxy;
			containerPortal = 226B203E2997AC3E008852B4 /* Project object */;
			proxyType = 1;
			remoteGlobalIDString = 226B20452997AC3E008852B4;
			remoteInfo = DailyScoop;
		};
		226B20672997AC3F008852B4 /* PBXContainerItemProxy */ = {
			isa = PBXContainerItemProxy;
			containerPortal = 226B203E2997AC3E008852B4 /* Project object */;
			proxyType = 1;
			remoteGlobalIDString = 226B20452997AC3E008852B4;
			remoteInfo = DailyScoop;
		};
/* End PBXContainerItemProxy section */

/* Begin PBXFileReference section */
		22073390299812C60018AF8E /* HouseholdListView.swift */ = {isa = PBXFileReference; lastKnownFileType = sourcecode.swift; path = HouseholdListView.swift; sourceTree = "<group>"; };
		22073394299816860018AF8E /* AddHouseholdView.swift */ = {isa = PBXFileReference; lastKnownFileType = sourcecode.swift; path = AddHouseholdView.swift; sourceTree = "<group>"; };
		220733962998183B0018AF8E /* HouseholdDetailView.swift */ = {isa = PBXFileReference; lastKnownFileType = sourcecode.swift; path = HouseholdDetailView.swift; sourceTree = "<group>"; };
		220733982998764D0018AF8E /* AppDelegate.swift */ = {isa = PBXFileReference; lastKnownFileType = sourcecode.swift; path = AppDelegate.swift; sourceTree = "<group>"; };
		2207339A299904950018AF8E /* CalendarView.swift */ = {isa = PBXFileReference; lastKnownFileType = sourcecode.swift; path = CalendarView.swift; sourceTree = "<group>"; };
		2207339D299905210018AF8E /* EliminationCalendarView.swift */ = {isa = PBXFileReference; lastKnownFileType = sourcecode.swift; path = EliminationCalendarView.swift; sourceTree = "<group>"; };
		2207339F29990A2A0018AF8E /* DaySpecificEliminationsView.swift */ = {isa = PBXFileReference; lastKnownFileType = sourcecode.swift; path = DaySpecificEliminationsView.swift; sourceTree = "<group>"; };
		220733A1299915F80018AF8E /* EditPetView.swift */ = {isa = PBXFileReference; lastKnownFileType = sourcecode.swift; path = EditPetView.swift; sourceTree = "<group>"; };
		222F93E029AAED460015307B /* ReportAccidentView.swift */ = {isa = PBXFileReference; lastKnownFileType = sourcecode.swift; path = ReportAccidentView.swift; sourceTree = "<group>"; };
		222F93E229ABAC550015307B /* DailyScoop v2.xcdatamodel */ = {isa = PBXFileReference; lastKnownFileType = wrapper.xcdatamodel; path = "DailyScoop v2.xcdatamodel"; sourceTree = "<group>"; };
		223D97C029F609F3000432C4 /* PetChartView.swift */ = {isa = PBXFileReference; lastKnownFileType = sourcecode.swift; path = PetChartView.swift; sourceTree = "<group>"; };
		2268A2AF29B3F4BC00F220FA /* PetTabView.swift */ = {isa = PBXFileReference; lastKnownFileType = sourcecode.swift; path = PetTabView.swift; sourceTree = "<group>"; };
		226B20462997AC3E008852B4 /* DailyScoop.app */ = {isa = PBXFileReference; explicitFileType = wrapper.application; includeInIndex = 0; path = DailyScoop.app; sourceTree = BUILT_PRODUCTS_DIR; };
		226B20492997AC3E008852B4 /* DailyScoopApp.swift */ = {isa = PBXFileReference; lastKnownFileType = sourcecode.swift; path = DailyScoopApp.swift; sourceTree = "<group>"; };
		226B204D2997AC3F008852B4 /* Assets.xcassets */ = {isa = PBXFileReference; lastKnownFileType = folder.assetcatalog; path = Assets.xcassets; sourceTree = "<group>"; };
		226B20502997AC3F008852B4 /* Preview Assets.xcassets */ = {isa = PBXFileReference; lastKnownFileType = folder.assetcatalog; path = "Preview Assets.xcassets"; sourceTree = "<group>"; };
		226B20522997AC3F008852B4 /* Persistence.swift */ = {isa = PBXFileReference; lastKnownFileType = sourcecode.swift; path = Persistence.swift; sourceTree = "<group>"; };
		226B20552997AC3F008852B4 /* DailyScoop.xcdatamodel */ = {isa = PBXFileReference; lastKnownFileType = wrapper.xcdatamodel; path = DailyScoop.xcdatamodel; sourceTree = "<group>"; };
		226B20572997AC3F008852B4 /* Info.plist */ = {isa = PBXFileReference; lastKnownFileType = text.plist.xml; path = Info.plist; sourceTree = "<group>"; };
		226B205C2997AC3F008852B4 /* DailyScoopTests.xctest */ = {isa = PBXFileReference; explicitFileType = wrapper.cfbundle; includeInIndex = 0; path = DailyScoopTests.xctest; sourceTree = BUILT_PRODUCTS_DIR; };
		226B20602997AC3F008852B4 /* DailyScoopTests.swift */ = {isa = PBXFileReference; lastKnownFileType = sourcecode.swift; path = DailyScoopTests.swift; sourceTree = "<group>"; };
		226B20662997AC3F008852B4 /* DailyScoopUITests.xctest */ = {isa = PBXFileReference; explicitFileType = wrapper.cfbundle; includeInIndex = 0; path = DailyScoopUITests.xctest; sourceTree = BUILT_PRODUCTS_DIR; };
		226B206A2997AC3F008852B4 /* DailyScoopUITests.swift */ = {isa = PBXFileReference; lastKnownFileType = sourcecode.swift; path = DailyScoopUITests.swift; sourceTree = "<group>"; };
		226B206C2997AC3F008852B4 /* DailyScoopUITestsLaunchTests.swift */ = {isa = PBXFileReference; lastKnownFileType = sourcecode.swift; path = DailyScoopUITestsLaunchTests.swift; sourceTree = "<group>"; };
		226B20792997AC59008852B4 /* DailyScoop.entitlements */ = {isa = PBXFileReference; lastKnownFileType = text.plist.entitlements; path = DailyScoop.entitlements; sourceTree = "<group>"; };
		226B207A2997B14A008852B4 /* AddPetView.swift */ = {isa = PBXFileReference; lastKnownFileType = sourcecode.swift; path = AddPetView.swift; sourceTree = "<group>"; };
		226B207D2997B1D7008852B4 /* Constants.swift */ = {isa = PBXFileReference; lastKnownFileType = sourcecode.swift; path = Constants.swift; sourceTree = "<group>"; };
		226B20802997B8A3008852B4 /* CoreDataStack.swift */ = {isa = PBXFileReference; lastKnownFileType = sourcecode.swift; path = CoreDataStack.swift; sourceTree = "<group>"; };
		226B20822997B936008852B4 /* CloudSharingController.swift */ = {isa = PBXFileReference; lastKnownFileType = sourcecode.swift; path = CloudSharingController.swift; sourceTree = "<group>"; };
		226B20872997C572008852B4 /* ImagePicker.swift */ = {isa = PBXFileReference; lastKnownFileType = sourcecode.swift; path = ImagePicker.swift; sourceTree = "<group>"; };
		226B20892997C89E008852B4 /* PetDetailView.swift */ = {isa = PBXFileReference; lastKnownFileType = sourcecode.swift; path = PetDetailView.swift; sourceTree = "<group>"; };
		226B208B2997D117008852B4 /* AddEliminationView.swift */ = {isa = PBXFileReference; lastKnownFileType = sourcecode.swift; path = AddEliminationView.swift; sourceTree = "<group>"; };
		22C00BA529D133B800D39FD1 /* Localizable.stringsdict */ = {isa = PBXFileReference; lastKnownFileType = text.plist.stringsdict; path = Localizable.stringsdict; sourceTree = "<group>"; };
		22CC81AC29B18FFA0074E7F3 /* EditEliminationView.swift */ = {isa = PBXFileReference; lastKnownFileType = sourcecode.swift; path = EditEliminationView.swift; sourceTree = "<group>"; };
		22FAFF04299949D700E836A6 /* EliminationCellView.swift */ = {isa = PBXFileReference; lastKnownFileType = sourcecode.swift; path = EliminationCellView.swift; sourceTree = "<group>"; };
/* End PBXFileReference section */

/* Begin PBXFrameworksBuildPhase section */
		226B20432997AC3E008852B4 /* Frameworks */ = {
			isa = PBXFrameworksBuildPhase;
			buildActionMask = 2147483647;
			files = (
			);
			runOnlyForDeploymentPostprocessing = 0;
		};
		226B20592997AC3F008852B4 /* Frameworks */ = {
			isa = PBXFrameworksBuildPhase;
			buildActionMask = 2147483647;
			files = (
			);
			runOnlyForDeploymentPostprocessing = 0;
		};
		226B20632997AC3F008852B4 /* Frameworks */ = {
			isa = PBXFrameworksBuildPhase;
			buildActionMask = 2147483647;
			files = (
			);
			runOnlyForDeploymentPostprocessing = 0;
		};
/* End PBXFrameworksBuildPhase section */

/* Begin PBXGroup section */
		220733922998166E0018AF8E /* Households */ = {
			isa = PBXGroup;
			children = (
				22073393299816770018AF8E /* Views */,
				22CC81AC29B18FFA0074E7F3 /* EditEliminationView.swift */,
				2268A2AF29B3F4BC00F220FA /* PetTabView.swift */,
			);
			path = Households;
			sourceTree = "<group>";
		};
		22073393299816770018AF8E /* Views */ = {
			isa = PBXGroup;
			children = (
				22073390299812C60018AF8E /* HouseholdListView.swift */,
				22073394299816860018AF8E /* AddHouseholdView.swift */,
				220733962998183B0018AF8E /* HouseholdDetailView.swift */,
			);
			path = Views;
			sourceTree = "<group>";
		};
		2207339C2999050F0018AF8E /* Components */ = {
			isa = PBXGroup;
			children = (
				2207339D299905210018AF8E /* EliminationCalendarView.swift */,
				22FAFF04299949D700E836A6 /* EliminationCellView.swift */,
			);
			name = Components;
			sourceTree = "<group>";
		};
		226B203D2997AC3E008852B4 = {
			isa = PBXGroup;
			children = (
				22C00BA529D133B800D39FD1 /* Localizable.stringsdict */,
				226B20482997AC3E008852B4 /* DailyScoop */,
				226B205F2997AC3F008852B4 /* DailyScoopTests */,
				226B20692997AC3F008852B4 /* DailyScoopUITests */,
				226B20472997AC3E008852B4 /* Products */,
			);
			sourceTree = "<group>";
		};
		226B20472997AC3E008852B4 /* Products */ = {
			isa = PBXGroup;
			children = (
				226B20462997AC3E008852B4 /* DailyScoop.app */,
				226B205C2997AC3F008852B4 /* DailyScoopTests.xctest */,
				226B20662997AC3F008852B4 /* DailyScoopUITests.xctest */,
			);
			name = Products;
			sourceTree = "<group>";
		};
		226B20482997AC3E008852B4 /* DailyScoop */ = {
			isa = PBXGroup;
			children = (
				220733922998166E0018AF8E /* Households */,
				226B20852997C1FF008852B4 /* Pets */,
				226B207F2997B88D008852B4 /* Services */,
				226B207C2997B1C2008852B4 /* Supporting Files */,
				226B20792997AC59008852B4 /* DailyScoop.entitlements */,
				226B20492997AC3E008852B4 /* DailyScoopApp.swift */,
				226B204D2997AC3F008852B4 /* Assets.xcassets */,
				226B20572997AC3F008852B4 /* Info.plist */,
				226B20542997AC3F008852B4 /* DailyScoop.xcdatamodeld */,
				226B204F2997AC3F008852B4 /* Preview Content */,
				220733982998764D0018AF8E /* AppDelegate.swift */,
				2207339A299904950018AF8E /* CalendarView.swift */,
				222F93E029AAED460015307B /* ReportAccidentView.swift */,
			);
			path = DailyScoop;
			sourceTree = "<group>";
		};
		226B204F2997AC3F008852B4 /* Preview Content */ = {
			isa = PBXGroup;
			children = (
				226B20502997AC3F008852B4 /* Preview Assets.xcassets */,
			);
			path = "Preview Content";
			sourceTree = "<group>";
		};
		226B205F2997AC3F008852B4 /* DailyScoopTests */ = {
			isa = PBXGroup;
			children = (
				226B20602997AC3F008852B4 /* DailyScoopTests.swift */,
			);
			path = DailyScoopTests;
			sourceTree = "<group>";
		};
		226B20692997AC3F008852B4 /* DailyScoopUITests */ = {
			isa = PBXGroup;
			children = (
				226B206A2997AC3F008852B4 /* DailyScoopUITests.swift */,
				226B206C2997AC3F008852B4 /* DailyScoopUITestsLaunchTests.swift */,
			);
			path = DailyScoopUITests;
			sourceTree = "<group>";
		};
		226B207C2997B1C2008852B4 /* Supporting Files */ = {
			isa = PBXGroup;
			children = (
				226B20522997AC3F008852B4 /* Persistence.swift */,
				226B207D2997B1D7008852B4 /* Constants.swift */,
			);
			path = "Supporting Files";
			sourceTree = "<group>";
		};
		226B207F2997B88D008852B4 /* Services */ = {
			isa = PBXGroup;
			children = (
				226B20802997B8A3008852B4 /* CoreDataStack.swift */,
				226B20822997B936008852B4 /* CloudSharingController.swift */,
				226B20872997C572008852B4 /* ImagePicker.swift */,
			);
			path = Services;
			sourceTree = "<group>";
		};
		226B20852997C1FF008852B4 /* Pets */ = {
			isa = PBXGroup;
			children = (
				226B20862997C204008852B4 /* Views */,
			);
			path = Pets;
			sourceTree = "<group>";
		};
		226B20862997C204008852B4 /* Views */ = {
			isa = PBXGroup;
			children = (
				2207339C2999050F0018AF8E /* Components */,
				226B207A2997B14A008852B4 /* AddPetView.swift */,
				226B20892997C89E008852B4 /* PetDetailView.swift */,
				226B208B2997D117008852B4 /* AddEliminationView.swift */,
				2207339F29990A2A0018AF8E /* DaySpecificEliminationsView.swift */,
				220733A1299915F80018AF8E /* EditPetView.swift */,
				223D97C029F609F3000432C4 /* PetChartView.swift */,
			);
			name = Views;
			sourceTree = "<group>";
		};
/* End PBXGroup section */

/* Begin PBXNativeTarget section */
		226B20452997AC3E008852B4 /* DailyScoop */ = {
			isa = PBXNativeTarget;
			buildConfigurationList = 226B20702997AC3F008852B4 /* Build configuration list for PBXNativeTarget "DailyScoop" */;
			buildPhases = (
				226B20422997AC3E008852B4 /* Sources */,
				226B20432997AC3E008852B4 /* Frameworks */,
				226B20442997AC3E008852B4 /* Resources */,
			);
			buildRules = (
			);
			dependencies = (
			);
			name = DailyScoop;
			productName = DailyScoop;
			productReference = 226B20462997AC3E008852B4 /* DailyScoop.app */;
			productType = "com.apple.product-type.application";
		};
		226B205B2997AC3F008852B4 /* DailyScoopTests */ = {
			isa = PBXNativeTarget;
			buildConfigurationList = 226B20732997AC3F008852B4 /* Build configuration list for PBXNativeTarget "DailyScoopTests" */;
			buildPhases = (
				226B20582997AC3F008852B4 /* Sources */,
				226B20592997AC3F008852B4 /* Frameworks */,
				226B205A2997AC3F008852B4 /* Resources */,
			);
			buildRules = (
			);
			dependencies = (
				226B205E2997AC3F008852B4 /* PBXTargetDependency */,
			);
			name = DailyScoopTests;
			productName = DailyScoopTests;
			productReference = 226B205C2997AC3F008852B4 /* DailyScoopTests.xctest */;
			productType = "com.apple.product-type.bundle.unit-test";
		};
		226B20652997AC3F008852B4 /* DailyScoopUITests */ = {
			isa = PBXNativeTarget;
			buildConfigurationList = 226B20762997AC3F008852B4 /* Build configuration list for PBXNativeTarget "DailyScoopUITests" */;
			buildPhases = (
				226B20622997AC3F008852B4 /* Sources */,
				226B20632997AC3F008852B4 /* Frameworks */,
				226B20642997AC3F008852B4 /* Resources */,
			);
			buildRules = (
			);
			dependencies = (
				226B20682997AC3F008852B4 /* PBXTargetDependency */,
			);
			name = DailyScoopUITests;
			productName = DailyScoopUITests;
			productReference = 226B20662997AC3F008852B4 /* DailyScoopUITests.xctest */;
			productType = "com.apple.product-type.bundle.ui-testing";
		};
/* End PBXNativeTarget section */

/* Begin PBXProject section */
		226B203E2997AC3E008852B4 /* Project object */ = {
			isa = PBXProject;
			attributes = {
				BuildIndependentTargetsInParallel = 1;
				LastSwiftUpdateCheck = 1420;
				LastUpgradeCheck = 1420;
				TargetAttributes = {
					226B20452997AC3E008852B4 = {
						CreatedOnToolsVersion = 14.2;
					};
					226B205B2997AC3F008852B4 = {
						CreatedOnToolsVersion = 14.2;
						TestTargetID = 226B20452997AC3E008852B4;
					};
					226B20652997AC3F008852B4 = {
						CreatedOnToolsVersion = 14.2;
						TestTargetID = 226B20452997AC3E008852B4;
					};
				};
			};
			buildConfigurationList = 226B20412997AC3E008852B4 /* Build configuration list for PBXProject "DailyScoop" */;
			compatibilityVersion = "Xcode 14.0";
			developmentRegion = en;
			hasScannedForEncodings = 0;
			knownRegions = (
				en,
				Base,
			);
			mainGroup = 226B203D2997AC3E008852B4;
			productRefGroup = 226B20472997AC3E008852B4 /* Products */;
			projectDirPath = "";
			projectRoot = "";
			targets = (
				226B20452997AC3E008852B4 /* DailyScoop */,
				226B205B2997AC3F008852B4 /* DailyScoopTests */,
				226B20652997AC3F008852B4 /* DailyScoopUITests */,
			);
		};
/* End PBXProject section */

/* Begin PBXResourcesBuildPhase section */
		226B20442997AC3E008852B4 /* Resources */ = {
			isa = PBXResourcesBuildPhase;
			buildActionMask = 2147483647;
			files = (
				226B20512997AC3F008852B4 /* Preview Assets.xcassets in Resources */,
				226B204E2997AC3F008852B4 /* Assets.xcassets in Resources */,
				22C00BA629D133B800D39FD1 /* Localizable.stringsdict in Resources */,
			);
			runOnlyForDeploymentPostprocessing = 0;
		};
		226B205A2997AC3F008852B4 /* Resources */ = {
			isa = PBXResourcesBuildPhase;
			buildActionMask = 2147483647;
			files = (
			);
			runOnlyForDeploymentPostprocessing = 0;
		};
		226B20642997AC3F008852B4 /* Resources */ = {
			isa = PBXResourcesBuildPhase;
			buildActionMask = 2147483647;
			files = (
			);
			runOnlyForDeploymentPostprocessing = 0;
		};
/* End PBXResourcesBuildPhase section */

/* Begin PBXSourcesBuildPhase section */
		226B20422997AC3E008852B4 /* Sources */ = {
			isa = PBXSourcesBuildPhase;
			buildActionMask = 2147483647;
			files = (
				22073391299812C60018AF8E /* HouseholdListView.swift in Sources */,
				226B20812997B8A3008852B4 /* CoreDataStack.swift in Sources */,
				2207339B299904950018AF8E /* CalendarView.swift in Sources */,
				223D97C129F609F3000432C4 /* PetChartView.swift in Sources */,
				220733A029990A2A0018AF8E /* DaySpecificEliminationsView.swift in Sources */,
				226B208A2997C89E008852B4 /* PetDetailView.swift in Sources */,
				220733992998764D0018AF8E /* AppDelegate.swift in Sources */,
				226B20532997AC3F008852B4 /* Persistence.swift in Sources */,
				22CC81AD29B18FFA0074E7F3 /* EditEliminationView.swift in Sources */,
				220733972998183B0018AF8E /* HouseholdDetailView.swift in Sources */,
				226B20882997C572008852B4 /* ImagePicker.swift in Sources */,
				220733A2299915F80018AF8E /* EditPetView.swift in Sources */,
				226B20562997AC3F008852B4 /* DailyScoop.xcdatamodeld in Sources */,
				222F93E129AAED460015307B /* ReportAccidentView.swift in Sources */,
				226B204A2997AC3E008852B4 /* DailyScoopApp.swift in Sources */,
				226B207B2997B14A008852B4 /* AddPetView.swift in Sources */,
				226B20832997B936008852B4 /* CloudSharingController.swift in Sources */,
				226B208C2997D117008852B4 /* AddEliminationView.swift in Sources */,
				22FAFF05299949D700E836A6 /* EliminationCellView.swift in Sources */,
				226B207E2997B1D7008852B4 /* Constants.swift in Sources */,
				2268A2B029B3F4BC00F220FA /* PetTabView.swift in Sources */,
				2207339E299905210018AF8E /* EliminationCalendarView.swift in Sources */,
				22073395299816860018AF8E /* AddHouseholdView.swift in Sources */,
			);
			runOnlyForDeploymentPostprocessing = 0;
		};
		226B20582997AC3F008852B4 /* Sources */ = {
			isa = PBXSourcesBuildPhase;
			buildActionMask = 2147483647;
			files = (
				226B20612997AC3F008852B4 /* DailyScoopTests.swift in Sources */,
			);
			runOnlyForDeploymentPostprocessing = 0;
		};
		226B20622997AC3F008852B4 /* Sources */ = {
			isa = PBXSourcesBuildPhase;
			buildActionMask = 2147483647;
			files = (
				226B206B2997AC3F008852B4 /* DailyScoopUITests.swift in Sources */,
				226B206D2997AC3F008852B4 /* DailyScoopUITestsLaunchTests.swift in Sources */,
			);
			runOnlyForDeploymentPostprocessing = 0;
		};
/* End PBXSourcesBuildPhase section */

/* Begin PBXTargetDependency section */
		226B205E2997AC3F008852B4 /* PBXTargetDependency */ = {
			isa = PBXTargetDependency;
			target = 226B20452997AC3E008852B4 /* DailyScoop */;
			targetProxy = 226B205D2997AC3F008852B4 /* PBXContainerItemProxy */;
		};
		226B20682997AC3F008852B4 /* PBXTargetDependency */ = {
			isa = PBXTargetDependency;
			target = 226B20452997AC3E008852B4 /* DailyScoop */;
			targetProxy = 226B20672997AC3F008852B4 /* PBXContainerItemProxy */;
		};
/* End PBXTargetDependency section */

/* Begin XCBuildConfiguration section */
		226B206E2997AC3F008852B4 /* Debug */ = {
			isa = XCBuildConfiguration;
			buildSettings = {
				ALWAYS_SEARCH_USER_PATHS = NO;
				CLANG_ANALYZER_NONNULL = YES;
				CLANG_ANALYZER_NUMBER_OBJECT_CONVERSION = YES_AGGRESSIVE;
				CLANG_CXX_LANGUAGE_STANDARD = "gnu++20";
				CLANG_ENABLE_MODULES = YES;
				CLANG_ENABLE_OBJC_ARC = YES;
				CLANG_ENABLE_OBJC_WEAK = YES;
				CLANG_WARN_BLOCK_CAPTURE_AUTORELEASING = YES;
				CLANG_WARN_BOOL_CONVERSION = YES;
				CLANG_WARN_COMMA = YES;
				CLANG_WARN_CONSTANT_CONVERSION = YES;
				CLANG_WARN_DEPRECATED_OBJC_IMPLEMENTATIONS = YES;
				CLANG_WARN_DIRECT_OBJC_ISA_USAGE = YES_ERROR;
				CLANG_WARN_DOCUMENTATION_COMMENTS = YES;
				CLANG_WARN_EMPTY_BODY = YES;
				CLANG_WARN_ENUM_CONVERSION = YES;
				CLANG_WARN_INFINITE_RECURSION = YES;
				CLANG_WARN_INT_CONVERSION = YES;
				CLANG_WARN_NON_LITERAL_NULL_CONVERSION = YES;
				CLANG_WARN_OBJC_IMPLICIT_RETAIN_SELF = YES;
				CLANG_WARN_OBJC_LITERAL_CONVERSION = YES;
				CLANG_WARN_OBJC_ROOT_CLASS = YES_ERROR;
				CLANG_WARN_QUOTED_INCLUDE_IN_FRAMEWORK_HEADER = YES;
				CLANG_WARN_RANGE_LOOP_ANALYSIS = YES;
				CLANG_WARN_STRICT_PROTOTYPES = YES;
				CLANG_WARN_SUSPICIOUS_MOVE = YES;
				CLANG_WARN_UNGUARDED_AVAILABILITY = YES_AGGRESSIVE;
				CLANG_WARN_UNREACHABLE_CODE = YES;
				CLANG_WARN__DUPLICATE_METHOD_MATCH = YES;
				COPY_PHASE_STRIP = NO;
				DEBUG_INFORMATION_FORMAT = dwarf;
				ENABLE_STRICT_OBJC_MSGSEND = YES;
				ENABLE_TESTABILITY = YES;
				GCC_C_LANGUAGE_STANDARD = gnu11;
				GCC_DYNAMIC_NO_PIC = NO;
				GCC_NO_COMMON_BLOCKS = YES;
				GCC_OPTIMIZATION_LEVEL = 0;
				GCC_PREPROCESSOR_DEFINITIONS = (
					"DEBUG=1",
					"$(inherited)",
				);
				GCC_WARN_64_TO_32_BIT_CONVERSION = YES;
				GCC_WARN_ABOUT_RETURN_TYPE = YES_ERROR;
				GCC_WARN_UNDECLARED_SELECTOR = YES;
				GCC_WARN_UNINITIALIZED_AUTOS = YES_AGGRESSIVE;
				GCC_WARN_UNUSED_FUNCTION = YES;
				GCC_WARN_UNUSED_VARIABLE = YES;
				IPHONEOS_DEPLOYMENT_TARGET = 16.2;
				MTL_ENABLE_DEBUG_INFO = INCLUDE_SOURCE;
				MTL_FAST_MATH = YES;
				ONLY_ACTIVE_ARCH = YES;
				SDKROOT = iphoneos;
				SWIFT_ACTIVE_COMPILATION_CONDITIONS = DEBUG;
				SWIFT_OPTIMIZATION_LEVEL = "-Onone";
			};
			name = Debug;
		};
		226B206F2997AC3F008852B4 /* Release */ = {
			isa = XCBuildConfiguration;
			buildSettings = {
				ALWAYS_SEARCH_USER_PATHS = NO;
				CLANG_ANALYZER_NONNULL = YES;
				CLANG_ANALYZER_NUMBER_OBJECT_CONVERSION = YES_AGGRESSIVE;
				CLANG_CXX_LANGUAGE_STANDARD = "gnu++20";
				CLANG_ENABLE_MODULES = YES;
				CLANG_ENABLE_OBJC_ARC = YES;
				CLANG_ENABLE_OBJC_WEAK = YES;
				CLANG_WARN_BLOCK_CAPTURE_AUTORELEASING = YES;
				CLANG_WARN_BOOL_CONVERSION = YES;
				CLANG_WARN_COMMA = YES;
				CLANG_WARN_CONSTANT_CONVERSION = YES;
				CLANG_WARN_DEPRECATED_OBJC_IMPLEMENTATIONS = YES;
				CLANG_WARN_DIRECT_OBJC_ISA_USAGE = YES_ERROR;
				CLANG_WARN_DOCUMENTATION_COMMENTS = YES;
				CLANG_WARN_EMPTY_BODY = YES;
				CLANG_WARN_ENUM_CONVERSION = YES;
				CLANG_WARN_INFINITE_RECURSION = YES;
				CLANG_WARN_INT_CONVERSION = YES;
				CLANG_WARN_NON_LITERAL_NULL_CONVERSION = YES;
				CLANG_WARN_OBJC_IMPLICIT_RETAIN_SELF = YES;
				CLANG_WARN_OBJC_LITERAL_CONVERSION = YES;
				CLANG_WARN_OBJC_ROOT_CLASS = YES_ERROR;
				CLANG_WARN_QUOTED_INCLUDE_IN_FRAMEWORK_HEADER = YES;
				CLANG_WARN_RANGE_LOOP_ANALYSIS = YES;
				CLANG_WARN_STRICT_PROTOTYPES = YES;
				CLANG_WARN_SUSPICIOUS_MOVE = YES;
				CLANG_WARN_UNGUARDED_AVAILABILITY = YES_AGGRESSIVE;
				CLANG_WARN_UNREACHABLE_CODE = YES;
				CLANG_WARN__DUPLICATE_METHOD_MATCH = YES;
				COPY_PHASE_STRIP = NO;
				DEBUG_INFORMATION_FORMAT = "dwarf-with-dsym";
				ENABLE_NS_ASSERTIONS = NO;
				ENABLE_STRICT_OBJC_MSGSEND = YES;
				GCC_C_LANGUAGE_STANDARD = gnu11;
				GCC_NO_COMMON_BLOCKS = YES;
				GCC_WARN_64_TO_32_BIT_CONVERSION = YES;
				GCC_WARN_ABOUT_RETURN_TYPE = YES_ERROR;
				GCC_WARN_UNDECLARED_SELECTOR = YES;
				GCC_WARN_UNINITIALIZED_AUTOS = YES_AGGRESSIVE;
				GCC_WARN_UNUSED_FUNCTION = YES;
				GCC_WARN_UNUSED_VARIABLE = YES;
				IPHONEOS_DEPLOYMENT_TARGET = 16.2;
				MTL_ENABLE_DEBUG_INFO = NO;
				MTL_FAST_MATH = YES;
				SDKROOT = iphoneos;
				SWIFT_COMPILATION_MODE = wholemodule;
				SWIFT_OPTIMIZATION_LEVEL = "-O";
				VALIDATE_PRODUCT = YES;
			};
			name = Release;
		};
		226B20712997AC3F008852B4 /* Debug */ = {
			isa = XCBuildConfiguration;
			buildSettings = {
				ASSETCATALOG_COMPILER_APPICON_NAME = AppIcon;
				ASSETCATALOG_COMPILER_GLOBAL_ACCENT_COLOR_NAME = AccentColor;
				CODE_SIGN_ENTITLEMENTS = DailyScoop/DailyScoop.entitlements;
				CODE_SIGN_STYLE = Automatic;
				CURRENT_PROJECT_VERSION = 1;
				DEVELOPMENT_ASSET_PATHS = "\"DailyScoop/Preview Content\"";
				DEVELOPMENT_TEAM = 89JNN3239D;
				ENABLE_PREVIEWS = YES;
				GENERATE_INFOPLIST_FILE = YES;
				INFOPLIST_FILE = DailyScoop/Info.plist;
				INFOPLIST_KEY_UIApplicationSceneManifest_Generation = YES;
				INFOPLIST_KEY_UIApplicationSupportsIndirectInputEvents = YES;
				INFOPLIST_KEY_UILaunchScreen_Generation = YES;
				INFOPLIST_KEY_UISupportedInterfaceOrientations_iPad = "UIInterfaceOrientationPortrait UIInterfaceOrientationPortraitUpsideDown UIInterfaceOrientationLandscapeLeft UIInterfaceOrientationLandscapeRight";
				INFOPLIST_KEY_UISupportedInterfaceOrientations_iPhone = "UIInterfaceOrientationPortrait UIInterfaceOrientationLandscapeLeft UIInterfaceOrientationLandscapeRight";
				IPHONEOS_DEPLOYMENT_TARGET = 16.0;
				LD_RUNPATH_SEARCH_PATHS = (
					"$(inherited)",
					"@executable_path/Frameworks",
				);
				MARKETING_VERSION = 1.0;
				PRODUCT_BUNDLE_IDENTIFIER = com.timbausch.DailyScoop;
				PRODUCT_NAME = "$(TARGET_NAME)";
				SWIFT_EMIT_LOC_STRINGS = YES;
				SWIFT_VERSION = 5.0;
				TARGETED_DEVICE_FAMILY = "1,2";
			};
			name = Debug;
		};
		226B20722997AC3F008852B4 /* Release */ = {
			isa = XCBuildConfiguration;
			buildSettings = {
				ASSETCATALOG_COMPILER_APPICON_NAME = AppIcon;
				ASSETCATALOG_COMPILER_GLOBAL_ACCENT_COLOR_NAME = AccentColor;
				CODE_SIGN_ENTITLEMENTS = DailyScoop/DailyScoop.entitlements;
				CODE_SIGN_STYLE = Automatic;
				CURRENT_PROJECT_VERSION = 1;
				DEVELOPMENT_ASSET_PATHS = "\"DailyScoop/Preview Content\"";
				DEVELOPMENT_TEAM = 89JNN3239D;
				ENABLE_PREVIEWS = YES;
				GENERATE_INFOPLIST_FILE = YES;
				INFOPLIST_FILE = DailyScoop/Info.plist;
				INFOPLIST_KEY_UIApplicationSceneManifest_Generation = YES;
				INFOPLIST_KEY_UIApplicationSupportsIndirectInputEvents = YES;
				INFOPLIST_KEY_UILaunchScreen_Generation = YES;
				INFOPLIST_KEY_UISupportedInterfaceOrientations_iPad = "UIInterfaceOrientationPortrait UIInterfaceOrientationPortraitUpsideDown UIInterfaceOrientationLandscapeLeft UIInterfaceOrientationLandscapeRight";
				INFOPLIST_KEY_UISupportedInterfaceOrientations_iPhone = "UIInterfaceOrientationPortrait UIInterfaceOrientationLandscapeLeft UIInterfaceOrientationLandscapeRight";
				IPHONEOS_DEPLOYMENT_TARGET = 16.0;
				LD_RUNPATH_SEARCH_PATHS = (
					"$(inherited)",
					"@executable_path/Frameworks",
				);
				MARKETING_VERSION = 1.0;
				PRODUCT_BUNDLE_IDENTIFIER = com.timbausch.DailyScoop;
				PRODUCT_NAME = "$(TARGET_NAME)";
				SWIFT_EMIT_LOC_STRINGS = YES;
				SWIFT_VERSION = 5.0;
				TARGETED_DEVICE_FAMILY = "1,2";
			};
			name = Release;
		};
		226B20742997AC3F008852B4 /* Debug */ = {
			isa = XCBuildConfiguration;
			buildSettings = {
				ALWAYS_EMBED_SWIFT_STANDARD_LIBRARIES = YES;
				BUNDLE_LOADER = "$(TEST_HOST)";
				CODE_SIGN_STYLE = Automatic;
				CURRENT_PROJECT_VERSION = 1;
				DEVELOPMENT_TEAM = 89JNN3239D;
				GENERATE_INFOPLIST_FILE = YES;
				IPHONEOS_DEPLOYMENT_TARGET = 16.2;
				MARKETING_VERSION = 1.0;
				PRODUCT_BUNDLE_IDENTIFIER = com.timbausch.DailyScoopTests;
				PRODUCT_NAME = "$(TARGET_NAME)";
				SWIFT_EMIT_LOC_STRINGS = NO;
				SWIFT_VERSION = 5.0;
				TARGETED_DEVICE_FAMILY = "1,2";
				TEST_HOST = "$(BUILT_PRODUCTS_DIR)/DailyScoop.app/$(BUNDLE_EXECUTABLE_FOLDER_PATH)/DailyScoop";
			};
			name = Debug;
		};
		226B20752997AC3F008852B4 /* Release */ = {
			isa = XCBuildConfiguration;
			buildSettings = {
				ALWAYS_EMBED_SWIFT_STANDARD_LIBRARIES = YES;
				BUNDLE_LOADER = "$(TEST_HOST)";
				CODE_SIGN_STYLE = Automatic;
				CURRENT_PROJECT_VERSION = 1;
				DEVELOPMENT_TEAM = 89JNN3239D;
				GENERATE_INFOPLIST_FILE = YES;
				IPHONEOS_DEPLOYMENT_TARGET = 16.2;
				MARKETING_VERSION = 1.0;
				PRODUCT_BUNDLE_IDENTIFIER = com.timbausch.DailyScoopTests;
				PRODUCT_NAME = "$(TARGET_NAME)";
				SWIFT_EMIT_LOC_STRINGS = NO;
				SWIFT_VERSION = 5.0;
				TARGETED_DEVICE_FAMILY = "1,2";
				TEST_HOST = "$(BUILT_PRODUCTS_DIR)/DailyScoop.app/$(BUNDLE_EXECUTABLE_FOLDER_PATH)/DailyScoop";
			};
			name = Release;
		};
		226B20772997AC3F008852B4 /* Debug */ = {
			isa = XCBuildConfiguration;
			buildSettings = {
				ALWAYS_EMBED_SWIFT_STANDARD_LIBRARIES = YES;
				CODE_SIGN_STYLE = Automatic;
				CURRENT_PROJECT_VERSION = 1;
				DEVELOPMENT_TEAM = 89JNN3239D;
				GENERATE_INFOPLIST_FILE = YES;
				MARKETING_VERSION = 1.0;
				PRODUCT_BUNDLE_IDENTIFIER = com.timbausch.DailyScoopUITests;
				PRODUCT_NAME = "$(TARGET_NAME)";
				SWIFT_EMIT_LOC_STRINGS = NO;
				SWIFT_VERSION = 5.0;
				TARGETED_DEVICE_FAMILY = "1,2";
				TEST_TARGET_NAME = DailyScoop;
			};
			name = Debug;
		};
		226B20782997AC3F008852B4 /* Release */ = {
			isa = XCBuildConfiguration;
			buildSettings = {
				ALWAYS_EMBED_SWIFT_STANDARD_LIBRARIES = YES;
				CODE_SIGN_STYLE = Automatic;
				CURRENT_PROJECT_VERSION = 1;
				DEVELOPMENT_TEAM = 89JNN3239D;
				GENERATE_INFOPLIST_FILE = YES;
				MARKETING_VERSION = 1.0;
				PRODUCT_BUNDLE_IDENTIFIER = com.timbausch.DailyScoopUITests;
				PRODUCT_NAME = "$(TARGET_NAME)";
				SWIFT_EMIT_LOC_STRINGS = NO;
				SWIFT_VERSION = 5.0;
				TARGETED_DEVICE_FAMILY = "1,2";
				TEST_TARGET_NAME = DailyScoop;
			};
			name = Release;
		};
/* End XCBuildConfiguration section */

/* Begin XCConfigurationList section */
		226B20412997AC3E008852B4 /* Build configuration list for PBXProject "DailyScoop" */ = {
			isa = XCConfigurationList;
			buildConfigurations = (
				226B206E2997AC3F008852B4 /* Debug */,
				226B206F2997AC3F008852B4 /* Release */,
			);
			defaultConfigurationIsVisible = 0;
			defaultConfigurationName = Release;
		};
		226B20702997AC3F008852B4 /* Build configuration list for PBXNativeTarget "DailyScoop" */ = {
			isa = XCConfigurationList;
			buildConfigurations = (
				226B20712997AC3F008852B4 /* Debug */,
				226B20722997AC3F008852B4 /* Release */,
			);
			defaultConfigurationIsVisible = 0;
			defaultConfigurationName = Release;
		};
		226B20732997AC3F008852B4 /* Build configuration list for PBXNativeTarget "DailyScoopTests" */ = {
			isa = XCConfigurationList;
			buildConfigurations = (
				226B20742997AC3F008852B4 /* Debug */,
				226B20752997AC3F008852B4 /* Release */,
			);
			defaultConfigurationIsVisible = 0;
			defaultConfigurationName = Release;
		};
		226B20762997AC3F008852B4 /* Build configuration list for PBXNativeTarget "DailyScoopUITests" */ = {
			isa = XCConfigurationList;
			buildConfigurations = (
				226B20772997AC3F008852B4 /* Debug */,
				226B20782997AC3F008852B4 /* Release */,
			);
			defaultConfigurationIsVisible = 0;
			defaultConfigurationName = Release;
		};
/* End XCConfigurationList section */

/* Begin XCVersionGroup section */
		226B20542997AC3F008852B4 /* DailyScoop.xcdatamodeld */ = {
			isa = XCVersionGroup;
			children = (
				222F93E229ABAC550015307B /* DailyScoop v2.xcdatamodel */,
				226B20552997AC3F008852B4 /* DailyScoop.xcdatamodel */,
			);
			currentVersion = 222F93E229ABAC550015307B /* DailyScoop v2.xcdatamodel */;
			path = DailyScoop.xcdatamodeld;
			sourceTree = "<group>";
			versionGroupType = wrapper.xcdatamodel;
		};
/* End XCVersionGroup section */
	};
	rootObject = 226B203E2997AC3E008852B4 /* Project object */;
}
