// !$*UTF8*$!
{
	archiveVersion = 1;
	classes = {
	};
	objectVersion = 56;
	objects = {

/* Begin PBXBuildFile section */
		226B204A2997AC3E008852B4 /* DailyScoopApp.swift in Sources */ = {isa = PBXBuildFile; fileRef = 226B20492997AC3E008852B4 /* DailyScoopApp.swift */; };
		226B204C2997AC3E008852B4 /* ContentView.swift in Sources */ = {isa = PBXBuildFile; fileRef = 226B204B2997AC3E008852B4 /* ContentView.swift */; };
		226B204E2997AC3F008852B4 /* Assets.xcassets in Resources */ = {isa = PBXBuildFile; fileRef = 226B204D2997AC3F008852B4 /* Assets.xcassets */; };
		226B20512997AC3F008852B4 /* Preview Assets.xcassets in Resources */ = {isa = PBXBuildFile; fileRef = 226B20502997AC3F008852B4 /* Preview Assets.xcassets */; };
		226B20532997AC3F008852B4 /* Persistence.swift in Sources */ = {isa = PBXBuildFile; fileRef = 226B20522997AC3F008852B4 /* Persistence.swift */; };
		226B20562997AC3F008852B4 /* DailyScoop.xcdatamodeld in Sources */ = {isa = PBXBuildFile; fileRef = 226B20542997AC3F008852B4 /* DailyScoop.xcdatamodeld */; };
		226B20612997AC3F008852B4 /* DailyScoopTests.swift in Sources */ = {isa = PBXBuildFile; fileRef = 226B20602997AC3F008852B4 /* DailyScoopTests.swift */; };
		226B206B2997AC3F008852B4 /* DailyScoopUITests.swift in Sources */ = {isa = PBXBuildFile; fileRef = 226B206A2997AC3F008852B4 /* DailyScoopUITests.swift */; };
		226B206D2997AC3F008852B4 /* DailyScoopUITestsLaunchTests.swift in Sources */ = {isa = PBXBuildFile; fileRef = 226B206C2997AC3F008852B4 /* DailyScoopUITestsLaunchTests.swift */; };
/* End PBXBuildFile section */

/* Begin PBXContainerItemProxy section */
		226B205D2997AC3F008852B4 /* PBXContainerItemProxy */ = {
			isa = PBXContainerItemProxy;
			containerPortal = 226B203E2997AC3E008852B4 /* Project object */;
			proxyType = 1;
			remoteGlobalIDString = 226B20452997AC3E008852B4;
			remoteInfo = DailyScoop;
		};
		226B20672997AC3F008852B4 /* PBXContainerItemProxy */ = {
			isa = PBXContainerItemProxy;
			containerPortal = 226B203E2997AC3E008852B4 /* Project object */;
			proxyType = 1;
			remoteGlobalIDString = 226B20452997AC3E008852B4;
			remoteInfo = DailyScoop;
		};
/* End PBXContainerItemProxy section */

/* Begin PBXFileReference section */
		226B20462997AC3E008852B4 /* DailyScoop.app */ = {isa = PBXFileReference; explicitFileType = wrapper.application; includeInIndex = 0; path = DailyScoop.app; sourceTree = BUILT_PRODUCTS_DIR; };
		226B20492997AC3E008852B4 /* DailyScoopApp.swift */ = {isa = PBXFileReference; lastKnownFileType = sourcecode.swift; path = DailyScoopApp.swift; sourceTree = "<group>"; };
		226B204B2997AC3E008852B4 /* ContentView.swift */ = {isa = PBXFileReference; lastKnownFileType = sourcecode.swift; path = ContentView.swift; sourceTree = "<group>"; };
		226B204D2997AC3F008852B4 /* Assets.xcassets */ = {isa = PBXFileReference; lastKnownFileType = folder.assetcatalog; path = Assets.xcassets; sourceTree = "<group>"; };
		226B20502997AC3F008852B4 /* Preview Assets.xcassets */ = {isa = PBXFileReference; lastKnownFileType = folder.assetcatalog; path = "Preview Assets.xcassets"; sourceTree = "<group>"; };
		226B20522997AC3F008852B4 /* Persistence.swift */ = {isa = PBXFileReference; lastKnownFileType = sourcecode.swift; path = Persistence.swift; sourceTree = "<group>"; };
		226B20552997AC3F008852B4 /* DailyScoop.xcdatamodel */ = {isa = PBXFileReference; lastKnownFileType = wrapper.xcdatamodel; path = DailyScoop.xcdatamodel; sourceTree = "<group>"; };
		226B20572997AC3F008852B4 /* Info.plist */ = {isa = PBXFileReference; lastKnownFileType = text.plist.xml; path = Info.plist; sourceTree = "<group>"; };
		226B205C2997AC3F008852B4 /* DailyScoopTests.xctest */ = {isa = PBXFileReference; explicitFileType = wrapper.cfbundle; includeInIndex = 0; path = DailyScoopTests.xctest; sourceTree = BUILT_PRODUCTS_DIR; };
		226B20602997AC3F008852B4 /* DailyScoopTests.swift */ = {isa = PBXFileReference; lastKnownFileType = sourcecode.swift; path = DailyScoopTests.swift; sourceTree = "<group>"; };
		226B20662997AC3F008852B4 /* DailyScoopUITests.xctest */ = {isa = PBXFileReference; explicitFileType = wrapper.cfbundle; includeInIndex = 0; path = DailyScoopUITests.xctest; sourceTree = BUILT_PRODUCTS_DIR; };
		226B206A2997AC3F008852B4 /* DailyScoopUITests.swift */ = {isa = PBXFileReference; lastKnownFileType = sourcecode.swift; path = DailyScoopUITests.swift; sourceTree = "<group>"; };
		226B206C2997AC3F008852B4 /* DailyScoopUITestsLaunchTests.swift */ = {isa = PBXFileReference; lastKnownFileType = sourcecode.swift; path = DailyScoopUITestsLaunchTests.swift; sourceTree = "<group>"; };
/* End PBXFileReference section */

/* Begin PBXFrameworksBuildPhase section */
		226B20432997AC3E008852B4 /* Frameworks */ = {
			isa = PBXFrameworksBuildPhase;
			buildActionMask = 2147483647;
			files = (
			);
			runOnlyForDeploymentPostprocessing = 0;
		};
		226B20592997AC3F008852B4 /* Frameworks */ = {
			isa = PBXFrameworksBuildPhase;
			buildActionMask = 2147483647;
			files = (
			);
			runOnlyForDeploymentPostprocessing = 0;
		};
		226B20632997AC3F008852B4 /* Frameworks */ = {
			isa = PBXFrameworksBuildPhase;
			buildActionMask = 2147483647;
			files = (
			);
			runOnlyForDeploymentPostprocessing = 0;
		};
/* End PBXFrameworksBuildPhase section */

/* Begin PBXGroup section */
		226B203D2997AC3E008852B4 = {
			isa = PBXGroup;
			children = (
				226B20482997AC3E008852B4 /* DailyScoop */,
				226B205F2997AC3F008852B4 /* DailyScoopTests */,
				226B20692997AC3F008852B4 /* DailyScoopUITests */,
				226B20472997AC3E008852B4 /* Products */,
			);
			sourceTree = "<group>";
		};
		226B20472997AC3E008852B4 /* Products */ = {
			isa = PBXGroup;
			children = (
				226B20462997AC3E008852B4 /* DailyScoop.app */,
				226B205C2997AC3F008852B4 /* DailyScoopTests.xctest */,
				226B20662997AC3F008852B4 /* DailyScoopUITests.xctest */,
			);
			name = Products;
			sourceTree = "<group>";
		};
		226B20482997AC3E008852B4 /* DailyScoop */ = {
			isa = PBXGroup;
			children = (
				226B20492997AC3E008852B4 /* DailyScoopApp.swift */,
				226B204B2997AC3E008852B4 /* ContentView.swift */,
				226B204D2997AC3F008852B4 /* Assets.xcassets */,
				226B20522997AC3F008852B4 /* Persistence.swift */,
				226B20572997AC3F008852B4 /* Info.plist */,
				226B20542997AC3F008852B4 /* DailyScoop.xcdatamodeld */,
				226B204F2997AC3F008852B4 /* Preview Content */,
			);
			path = DailyScoop;
			sourceTree = "<group>";
		};
		226B204F2997AC3F008852B4 /* Preview Content */ = {
			isa = PBXGroup;
			children = (
				226B20502997AC3F008852B4 /* Preview Assets.xcassets */,
			);
			path = "Preview Content";
			sourceTree = "<group>";
		};
		226B205F2997AC3F008852B4 /* DailyScoopTests */ = {
			isa = PBXGroup;
			children = (
				226B20602997AC3F008852B4 /* DailyScoopTests.swift */,
			);
			path = DailyScoopTests;
			sourceTree = "<group>";
		};
		226B20692997AC3F008852B4 /* DailyScoopUITests */ = {
			isa = PBXGroup;
			children = (
				226B206A2997AC3F008852B4 /* DailyScoopUITests.swift */,
				226B206C2997AC3F008852B4 /* DailyScoopUITestsLaunchTests.swift */,
			);
			path = DailyScoopUITests;
			sourceTree = "<group>";
		};
/* End PBXGroup section */

/* Begin PBXNativeTarget section */
		226B20452997AC3E008852B4 /* DailyScoop */ = {
			isa = PBXNativeTarget;
			buildConfigurationList = 226B20702997AC3F008852B4 /* Build configuration list for PBXNativeTarget "DailyScoop" */;
			buildPhases = (
				226B20422997AC3E008852B4 /* Sources */,
				226B20432997AC3E008852B4 /* Frameworks */,
				226B20442997AC3E008852B4 /* Resources */,
			);
			buildRules = (
			);
			dependencies = (
			);
			name = DailyScoop;
			productName = DailyScoop;
			productReference = 226B20462997AC3E008852B4 /* DailyScoop.app */;
			productType = "com.apple.product-type.application";
		};
		226B205B2997AC3F008852B4 /* DailyScoopTests */ = {
			isa = PBXNativeTarget;
			buildConfigurationList = 226B20732997AC3F008852B4 /* Build configuration list for PBXNativeTarget "DailyScoopTests" */;
			buildPhases = (
				226B20582997AC3F008852B4 /* Sources */,
				226B20592997AC3F008852B4 /* Frameworks */,
				226B205A2997AC3F008852B4 /* Resources */,
			);
			buildRules = (
			);
			dependencies = (
				226B205E2997AC3F008852B4 /* PBXTargetDependency */,
			);
			name = DailyScoopTests;
			productName = DailyScoopTests;
			productReference = 226B205C2997AC3F008852B4 /* DailyScoopTests.xctest */;
			productType = "com.apple.product-type.bundle.unit-test";
		};
		226B20652997AC3F008852B4 /* DailyScoopUITests */ = {
			isa = PBXNativeTarget;
			buildConfigurationList = 226B20762997AC3F008852B4 /* Build configuration list for PBXNativeTarget "DailyScoopUITests" */;
			buildPhases = (
				226B20622997AC3F008852B4 /* Sources */,
				226B20632997AC3F008852B4 /* Frameworks */,
				226B20642997AC3F008852B4 /* Resources */,
			);
			buildRules = (
			);
			dependencies = (
				226B20682997AC3F008852B4 /* PBXTargetDependency */,
			);
			name = DailyScoopUITests;
			productName = DailyScoopUITests;
			productReference = 226B20662997AC3F008852B4 /* DailyScoopUITests.xctest */;
			productType = "com.apple.product-type.bundle.ui-testing";
		};
/* End PBXNativeTarget section */

/* Begin PBXProject section */
		226B203E2997AC3E008852B4 /* Project object */ = {
			isa = PBXProject;
			attributes = {
				BuildIndependentTargetsInParallel = 1;
				LastSwiftUpdateCheck = 1420;
				LastUpgradeCheck = 1420;
				TargetAttributes = {
					226B20452997AC3E008852B4 = {
						CreatedOnToolsVersion = 14.2;
					};
					226B205B2997AC3F008852B4 = {
						CreatedOnToolsVersion = 14.2;
						TestTargetID = 226B20452997AC3E008852B4;
					};
					226B20652997AC3F008852B4 = {
						CreatedOnToolsVersion = 14.2;
						TestTargetID = 226B20452997AC3E008852B4;
					};
				};
			};
			buildConfigurationList = 226B20412997AC3E008852B4 /* Build configuration list for PBXProject "DailyScoop" */;
			compatibilityVersion = "Xcode 14.0";
			developmentRegion = en;
			hasScannedForEncodings = 0;
			knownRegions = (
				en,
				Base,
			);
			mainGroup = 226B203D2997AC3E008852B4;
			productRefGroup = 226B20472997AC3E008852B4 /* Products */;
			projectDirPath = "";
			projectRoot = "";
			targets = (
				226B20452997AC3E008852B4 /* DailyScoop */,
				226B205B2997AC3F008852B4 /* DailyScoopTests */,
				226B20652997AC3F008852B4 /* DailyScoopUITests */,
			);
		};
/* End PBXProject section */

/* Begin PBXResourcesBuildPhase section */
		226B20442997AC3E008852B4 /* Resources */ = {
			isa = PBXResourcesBuildPhase;
			buildActionMask = 2147483647;
			files = (
				226B20512997AC3F008852B4 /* Preview Assets.xcassets in Resources */,
				226B204E2997AC3F008852B4 /* Assets.xcassets in Resources */,
			);
			runOnlyForDeploymentPostprocessing = 0;
		};
		226B205A2997AC3F008852B4 /* Resources */ = {
			isa = PBXResourcesBuildPhase;
			buildActionMask = 2147483647;
			files = (
			);
			runOnlyForDeploymentPostprocessing = 0;
		};
		226B20642997AC3F008852B4 /* Resources */ = {
			isa = PBXResourcesBuildPhase;
			buildActionMask = 2147483647;
			files = (
			);
			runOnlyForDeploymentPostprocessing = 0;
		};
/* End PBXResourcesBuildPhase section */

/* Begin PBXSourcesBuildPhase section */
		226B20422997AC3E008852B4 /* Sources */ = {
			isa = PBXSourcesBuildPhase;
			buildActionMask = 2147483647;
			files = (
				226B20532997AC3F008852B4 /* Persistence.swift in Sources */,
				226B204C2997AC3E008852B4 /* ContentView.swift in Sources */,
				226B20562997AC3F008852B4 /* DailyScoop.xcdatamodeld in Sources */,
				226B204A2997AC3E008852B4 /* DailyScoopApp.swift in Sources */,
			);
			runOnlyForDeploymentPostprocessing = 0;
		};
		226B20582997AC3F008852B4 /* Sources */ = {
			isa = PBXSourcesBuildPhase;
			buildActionMask = 2147483647;
			files = (
				226B20612997AC3F008852B4 /* DailyScoopTests.swift in Sources */,
			);
			runOnlyForDeploymentPostprocessing = 0;
		};
		226B20622997AC3F008852B4 /* Sources */ = {
			isa = PBXSourcesBuildPhase;
			buildActionMask = 2147483647;
			files = (
				226B206B2997AC3F008852B4 /* DailyScoopUITests.swift in Sources */,
				226B206D2997AC3F008852B4 /* DailyScoopUITestsLaunchTests.swift in Sources */,
			);
			runOnlyForDeploymentPostprocessing = 0;
		};
/* End PBXSourcesBuildPhase section */

/* Begin PBXTargetDependency section */
		226B205E2997AC3F008852B4 /* PBXTargetDependency */ = {
			isa = PBXTargetDependency;
			target = 226B20452997AC3E008852B4 /* DailyScoop */;
			targetProxy = 226B205D2997AC3F008852B4 /* PBXContainerItemProxy */;
		};
		226B20682997AC3F008852B4 /* PBXTargetDependency */ = {
			isa = PBXTargetDependency;
			target = 226B20452997AC3E008852B4 /* DailyScoop */;
			targetProxy = 226B20672997AC3F008852B4 /* PBXContainerItemProxy */;
		};
/* End PBXTargetDependency section */

/* Begin XCBuildConfiguration section */
		226B206E2997AC3F008852B4 /* Debug */ = {
			isa = XCBuildConfiguration;
			buildSettings = {
				ALWAYS_SEARCH_USER_PATHS = NO;
				CLANG_ANALYZER_NONNULL = YES;
				CLANG_ANALYZER_NUMBER_OBJECT_CONVERSION = YES_AGGRESSIVE;
				CLANG_CXX_LANGUAGE_STANDARD = "gnu++20";
				CLANG_ENABLE_MODULES = YES;
				CLANG_ENABLE_OBJC_ARC = YES;
				CLANG_ENABLE_OBJC_WEAK = YES;
				CLANG_WARN_BLOCK_CAPTURE_AUTORELEASING = YES;
				CLANG_WARN_BOOL_CONVERSION = YES;
				CLANG_WARN_COMMA = YES;
				CLANG_WARN_CONSTANT_CONVERSION = YES;
				CLANG_WARN_DEPRECATED_OBJC_IMPLEMENTATIONS = YES;
				CLANG_WARN_DIRECT_OBJC_ISA_USAGE = YES_ERROR;
				CLANG_WARN_DOCUMENTATION_COMMENTS = YES;
				CLANG_WARN_EMPTY_BODY = YES;
				CLANG_WARN_ENUM_CONVERSION = YES;
				CLANG_WARN_INFINITE_RECURSION = YES;
				CLANG_WARN_INT_CONVERSION = YES;
				CLANG_WARN_NON_LITERAL_NULL_CONVERSION = YES;
				CLANG_WARN_OBJC_IMPLICIT_RETAIN_SELF = YES;
				CLANG_WARN_OBJC_LITERAL_CONVERSION = YES;
				CLANG_WARN_OBJC_ROOT_CLASS = YES_ERROR;
				CLANG_WARN_QUOTED_INCLUDE_IN_FRAMEWORK_HEADER = YES;
				CLANG_WARN_RANGE_LOOP_ANALYSIS = YES;
				CLANG_WARN_STRICT_PROTOTYPES = YES;
				CLANG_WARN_SUSPICIOUS_MOVE = YES;
				CLANG_WARN_UNGUARDED_AVAILABILITY = YES_AGGRESSIVE;
				CLANG_WARN_UNREACHABLE_CODE = YES;
				CLANG_WARN__DUPLICATE_METHOD_MATCH = YES;
				COPY_PHASE_STRIP = NO;
				DEBUG_INFORMATION_FORMAT = dwarf;
				ENABLE_STRICT_OBJC_MSGSEND = YES;
				ENABLE_TESTABILITY = YES;
				GCC_C_LANGUAGE_STANDARD = gnu11;
				GCC_DYNAMIC_NO_PIC = NO;
				GCC_NO_COMMON_BLOCKS = YES;
				GCC_OPTIMIZATION_LEVEL = 0;
				GCC_PREPROCESSOR_DEFINITIONS = (
					"DEBUG=1",
					"$(inherited)",
				);
				GCC_WARN_64_TO_32_BIT_CONVERSION = YES;
				GCC_WARN_ABOUT_RETURN_TYPE = YES_ERROR;
				GCC_WARN_UNDECLARED_SELECTOR = YES;
				GCC_WARN_UNINITIALIZED_AUTOS = YES_AGGRESSIVE;
				GCC_WARN_UNUSED_FUNCTION = YES;
				GCC_WARN_UNUSED_VARIABLE = YES;
				IPHONEOS_DEPLOYMENT_TARGET = 16.2;
				MTL_ENABLE_DEBUG_INFO = INCLUDE_SOURCE;
				MTL_FAST_MATH = YES;
				ONLY_ACTIVE_ARCH = YES;
				SDKROOT = iphoneos;
				SWIFT_ACTIVE_COMPILATION_CONDITIONS = DEBUG;
				SWIFT_OPTIMIZATION_LEVEL = "-Onone";
			};
			name = Debug;
		};
		226B206F2997AC3F008852B4 /* Release */ = {
			isa = XCBuildConfiguration;
			buildSettings = {
				ALWAYS_SEARCH_USER_PATHS = NO;
				CLANG_ANALYZER_NONNULL = YES;
				CLANG_ANALYZER_NUMBER_OBJECT_CONVERSION = YES_AGGRESSIVE;
				CLANG_CXX_LANGUAGE_STANDARD = "gnu++20";
				CLANG_ENABLE_MODULES = YES;
				CLANG_ENABLE_OBJC_ARC = YES;
				CLANG_ENABLE_OBJC_WEAK = YES;
				CLANG_WARN_BLOCK_CAPTURE_AUTORELEASING = YES;
				CLANG_WARN_BOOL_CONVERSION = YES;
				CLANG_WARN_COMMA = YES;
				CLANG_WARN_CONSTANT_CONVERSION = YES;
				CLANG_WARN_DEPRECATED_OBJC_IMPLEMENTATIONS = YES;
				CLANG_WARN_DIRECT_OBJC_ISA_USAGE = YES_ERROR;
				CLANG_WARN_DOCUMENTATION_COMMENTS = YES;
				CLANG_WARN_EMPTY_BODY = YES;
				CLANG_WARN_ENUM_CONVERSION = YES;
				CLANG_WARN_INFINITE_RECURSION = YES;
				CLANG_WARN_INT_CONVERSION = YES;
				CLANG_WARN_NON_LITERAL_NULL_CONVERSION = YES;
				CLANG_WARN_OBJC_IMPLICIT_RETAIN_SELF = YES;
				CLANG_WARN_OBJC_LITERAL_CONVERSION = YES;
				CLANG_WARN_OBJC_ROOT_CLASS = YES_ERROR;
				CLANG_WARN_QUOTED_INCLUDE_IN_FRAMEWORK_HEADER = YES;
				CLANG_WARN_RANGE_LOOP_ANALYSIS = YES;
				CLANG_WARN_STRICT_PROTOTYPES = YES;
				CLANG_WARN_SUSPICIOUS_MOVE = YES;
				CLANG_WARN_UNGUARDED_AVAILABILITY = YES_AGGRESSIVE;
				CLANG_WARN_UNREACHABLE_CODE = YES;
				CLANG_WARN__DUPLICATE_METHOD_MATCH = YES;
				COPY_PHASE_STRIP = NO;
				DEBUG_INFORMATION_FORMAT = "dwarf-with-dsym";
				ENABLE_NS_ASSERTIONS = NO;
				ENABLE_STRICT_OBJC_MSGSEND = YES;
				GCC_C_LANGUAGE_STANDARD = gnu11;
				GCC_NO_COMMON_BLOCKS = YES;
				GCC_WARN_64_TO_32_BIT_CONVERSION = YES;
				GCC_WARN_ABOUT_RETURN_TYPE = YES_ERROR;
				GCC_WARN_UNDECLARED_SELECTOR = YES;
				GCC_WARN_UNINITIALIZED_AUTOS = YES_AGGRESSIVE;
				GCC_WARN_UNUSED_FUNCTION = YES;
				GCC_WARN_UNUSED_VARIABLE = YES;
				IPHONEOS_DEPLOYMENT_TARGET = 16.2;
				MTL_ENABLE_DEBUG_INFO = NO;
				MTL_FAST_MATH = YES;
				SDKROOT = iphoneos;
				SWIFT_COMPILATION_MODE = wholemodule;
				SWIFT_OPTIMIZATION_LEVEL = "-O";
				VALIDATE_PRODUCT = YES;
			};
			name = Release;
		};
		226B20712997AC3F008852B4 /* Debug */ = {
			isa = XCBuildConfiguration;
			buildSettings = {
				ASSETCATALOG_COMPILER_APPICON_NAME = AppIcon;
				ASSETCATALOG_COMPILER_GLOBAL_ACCENT_COLOR_NAME = AccentColor;
				CODE_SIGN_STYLE = Automatic;
				CURRENT_PROJECT_VERSION = 1;
				DEVELOPMENT_ASSET_PATHS = "\"DailyScoop/Preview Content\"";
				DEVELOPMENT_TEAM = 89JNN3239D;
				ENABLE_PREVIEWS = YES;
				GENERATE_INFOPLIST_FILE = YES;
				INFOPLIST_KEY_UIApplicationSceneManifest_Generation = YES;
				INFOPLIST_KEY_UIApplicationSupportsIndirectInputEvents = YES;
				INFOPLIST_KEY_UILaunchScreen_Generation = YES;
				INFOPLIST_KEY_UISupportedInterfaceOrientations_iPad = "UIInterfaceOrientationPortrait UIInterfaceOrientationPortraitUpsideDown UIInterfaceOrientationLandscapeLeft UIInterfaceOrientationLandscapeRight";
				INFOPLIST_KEY_UISupportedInterfaceOrientations_iPhone = "UIInterfaceOrientationPortrait UIInterfaceOrientationLandscapeLeft UIInterfaceOrientationLandscapeRight";
				LD_RUNPATH_SEARCH_PATHS = (
					"$(inherited)",
					"@executable_path/Frameworks",
				);
				MARKETING_VERSION = 1.0;
				PRODUCT_BUNDLE_IDENTIFIER = com.timbausch.DailyScoop;
				PRODUCT_NAME = "$(TARGET_NAME)";
				SWIFT_EMIT_LOC_STRINGS = YES;
				SWIFT_VERSION = 5.0;
				TARGETED_DEVICE_FAMILY = "1,2";
			};
			name = Debug;
		};
		226B20722997AC3F008852B4 /* Release */ = {
			isa = XCBuildConfiguration;
			buildSettings = {
				ASSETCATALOG_COMPILER_APPICON_NAME = AppIcon;
				ASSETCATALOG_COMPILER_GLOBAL_ACCENT_COLOR_NAME = AccentColor;
				CODE_SIGN_STYLE = Automatic;
				CURRENT_PROJECT_VERSION = 1;
				DEVELOPMENT_ASSET_PATHS = "\"DailyScoop/Preview Content\"";
				DEVELOPMENT_TEAM = 89JNN3239D;
				ENABLE_PREVIEWS = YES;
				GENERATE_INFOPLIST_FILE = YES;
				INFOPLIST_KEY_UIApplicationSceneManifest_Generation = YES;
				INFOPLIST_KEY_UIApplicationSupportsIndirectInputEvents = YES;
				INFOPLIST_KEY_UILaunchScreen_Generation = YES;
				INFOPLIST_KEY_UISupportedInterfaceOrientations_iPad = "UIInterfaceOrientationPortrait UIInterfaceOrientationPortraitUpsideDown UIInterfaceOrientationLandscapeLeft UIInterfaceOrientationLandscapeRight";
				INFOPLIST_KEY_UISupportedInterfaceOrientations_iPhone = "UIInterfaceOrientationPortrait UIInterfaceOrientationLandscapeLeft UIInterfaceOrientationLandscapeRight";
				LD_RUNPATH_SEARCH_PATHS = (
					"$(inherited)",
					"@executable_path/Frameworks",
				);
				MARKETING_VERSION = 1.0;
				PRODUCT_BUNDLE_IDENTIFIER = com.timbausch.DailyScoop;
				PRODUCT_NAME = "$(TARGET_NAME)";
				SWIFT_EMIT_LOC_STRINGS = YES;
				SWIFT_VERSION = 5.0;
				TARGETED_DEVICE_FAMILY = "1,2";
			};
			name = Release;
		};
		226B20742997AC3F008852B4 /* Debug */ = {
			isa = XCBuildConfiguration;
			buildSettings = {
				ALWAYS_EMBED_SWIFT_STANDARD_LIBRARIES = YES;
				BUNDLE_LOADER = "$(TEST_HOST)";
				CODE_SIGN_STYLE = Automatic;
				CURRENT_PROJECT_VERSION = 1;
				DEVELOPMENT_TEAM = 89JNN3239D;
				GENERATE_INFOPLIST_FILE = YES;
				IPHONEOS_DEPLOYMENT_TARGET = 16.2;
				MARKETING_VERSION = 1.0;
				PRODUCT_BUNDLE_IDENTIFIER = com.timbausch.DailyScoopTests;
				PRODUCT_NAME = "$(TARGET_NAME)";
				SWIFT_EMIT_LOC_STRINGS = NO;
				SWIFT_VERSION = 5.0;
				TARGETED_DEVICE_FAMILY = "1,2";
				TEST_HOST = "$(BUILT_PRODUCTS_DIR)/DailyScoop.app/$(BUNDLE_EXECUTABLE_FOLDER_PATH)/DailyScoop";
			};
			name = Debug;
		};
		226B20752997AC3F008852B4 /* Release */ = {
			isa = XCBuildConfiguration;
			buildSettings = {
				ALWAYS_EMBED_SWIFT_STANDARD_LIBRARIES = YES;
				BUNDLE_LOADER = "$(TEST_HOST)";
				CODE_SIGN_STYLE = Automatic;
				CURRENT_PROJECT_VERSION = 1;
				DEVELOPMENT_TEAM = 89JNN3239D;
				GENERATE_INFOPLIST_FILE = YES;
				IPHONEOS_DEPLOYMENT_TARGET = 16.2;
				MARKETING_VERSION = 1.0;
				PRODUCT_BUNDLE_IDENTIFIER = com.timbausch.DailyScoopTests;
				PRODUCT_NAME = "$(TARGET_NAME)";
				SWIFT_EMIT_LOC_STRINGS = NO;
				SWIFT_VERSION = 5.0;
				TARGETED_DEVICE_FAMILY = "1,2";
				TEST_HOST = "$(BUILT_PRODUCTS_DIR)/DailyScoop.app/$(BUNDLE_EXECUTABLE_FOLDER_PATH)/DailyScoop";
			};
			name = Release;
		};
		226B20772997AC3F008852B4 /* Debug */ = {
			isa = XCBuildConfiguration;
			buildSettings = {
				ALWAYS_EMBED_SWIFT_STANDARD_LIBRARIES = YES;
				CODE_SIGN_STYLE = Automatic;
				CURRENT_PROJECT_VERSION = 1;
				DEVELOPMENT_TEAM = 89JNN3239D;
				GENERATE_INFOPLIST_FILE = YES;
				MARKETING_VERSION = 1.0;
				PRODUCT_BUNDLE_IDENTIFIER = com.timbausch.DailyScoopUITests;
				PRODUCT_NAME = "$(TARGET_NAME)";
				SWIFT_EMIT_LOC_STRINGS = NO;
				SWIFT_VERSION = 5.0;
				TARGETED_DEVICE_FAMILY = "1,2";
				TEST_TARGET_NAME = DailyScoop;
			};
			name = Debug;
		};
		226B20782997AC3F008852B4 /* Release */ = {
			isa = XCBuildConfiguration;
			buildSettings = {
				ALWAYS_EMBED_SWIFT_STANDARD_LIBRARIES = YES;
				CODE_SIGN_STYLE = Automatic;
				CURRENT_PROJECT_VERSION = 1;
				DEVELOPMENT_TEAM = 89JNN3239D;
				GENERATE_INFOPLIST_FILE = YES;
				MARKETING_VERSION = 1.0;
				PRODUCT_BUNDLE_IDENTIFIER = com.timbausch.DailyScoopUITests;
				PRODUCT_NAME = "$(TARGET_NAME)";
				SWIFT_EMIT_LOC_STRINGS = NO;
				SWIFT_VERSION = 5.0;
				TARGETED_DEVICE_FAMILY = "1,2";
				TEST_TARGET_NAME = DailyScoop;
			};
			name = Release;
		};
/* End XCBuildConfiguration section */

/* Begin XCConfigurationList section */
		226B20412997AC3E008852B4 /* Build configuration list for PBXProject "DailyScoop" */ = {
			isa = XCConfigurationList;
			buildConfigurations = (
				226B206E2997AC3F008852B4 /* Debug */,
				226B206F2997AC3F008852B4 /* Release */,
			);
			defaultConfigurationIsVisible = 0;
			defaultConfigurationName = Release;
		};
		226B20702997AC3F008852B4 /* Build configuration list for PBXNativeTarget "DailyScoop" */ = {
			isa = XCConfigurationList;
			buildConfigurations = (
				226B20712997AC3F008852B4 /* Debug */,
				226B20722997AC3F008852B4 /* Release */,
			);
			defaultConfigurationIsVisible = 0;
			defaultConfigurationName = Release;
		};
		226B20732997AC3F008852B4 /* Build configuration list for PBXNativeTarget "DailyScoopTests" */ = {
			isa = XCConfigurationList;
			buildConfigurations = (
				226B20742997AC3F008852B4 /* Debug */,
				226B20752997AC3F008852B4 /* Release */,
			);
			defaultConfigurationIsVisible = 0;
			defaultConfigurationName = Release;
		};
		226B20762997AC3F008852B4 /* Build configuration list for PBXNativeTarget "DailyScoopUITests" */ = {
			isa = XCConfigurationList;
			buildConfigurations = (
				226B20772997AC3F008852B4 /* Debug */,
				226B20782997AC3F008852B4 /* Release */,
			);
			defaultConfigurationIsVisible = 0;
			defaultConfigurationName = Release;
		};
/* End XCConfigurationList section */

/* Begin XCVersionGroup section */
		226B20542997AC3F008852B4 /* DailyScoop.xcdatamodeld */ = {
			isa = XCVersionGroup;
			children = (
				226B20552997AC3F008852B4 /* DailyScoop.xcdatamodel */,
			);
			currentVersion = 226B20552997AC3F008852B4 /* DailyScoop.xcdatamodel */;
			path = DailyScoop.xcdatamodeld;
			sourceTree = "<group>";
			versionGroupType = wrapper.xcdatamodel;
		};
/* End XCVersionGroup section */
	};
	rootObject = 226B203E2997AC3E008852B4 /* Project object */;
}
